
Microsoft Visual Studio Solution File, Format Version 12.00
# Visual Studio Version 16
VisualStudioVersion = 16.0.30225.117
MinimumVisualStudioVersion = 10.0.40219.1
Project("{9A19103F-16F7-4668-BE54-9A1E7A4F7556}") = "FormSigmaDevelopers", "FormSigmaDevelopers.csproj", "{E392CCA0-3716-48C1-8DE0-E89AE1694215}"
EndProject
Project("{E53339B2-1760-4266-BCC7-CA923CBCF16C}") = "docker-compose", "docker-compose.dcproj", "{1536334E-4E36-43A2-917C-EBB2B996DECF}"
EndProject
Global
	GlobalSection(SolutionConfigurationPlatforms) = preSolution
		Debug|Any CPU = Debug|Any CPU
		Release|Any CPU = Release|Any CPU
	EndGlobalSection
	GlobalSection(ProjectConfigurationPlatforms) = postSolution
		{E392CCA0-3716-48C1-8DE0-E89AE1694215}.Debug|Any CPU.ActiveCfg = Debug|Any CPU
		{E392CCA0-3716-48C1-8DE0-E89AE1694215}.Debug|Any CPU.Build.0 = Debug|Any CPU
		{E392CCA0-3716-48C1-8DE0-E89AE1694215}.Release|Any CPU.ActiveCfg = Release|Any CPU
		{E392CCA0-3716-48C1-8DE0-E89AE1694215}.Release|Any CPU.Build.0 = Release|Any CPU
		{1536334E-4E36-43A2-917C-EBB2B996DECF}.Debug|Any CPU.ActiveCfg = Debug|Any CPU
		{1536334E-4E36-43A2-917C-EBB2B996DECF}.Debug|Any CPU.Build.0 = Debug|Any CPU
		{1536334E-4E36-43A2-917C-EBB2B996DECF}.Release|Any CPU.ActiveCfg = Release|Any CPU
		{1536334E-4E36-43A2-917C-EBB2B996DECF}.Release|Any CPU.Build.0 = Release|Any CPU
	EndGlobalSection
	GlobalSection(SolutionProperties) = preSolution
		HideSolutionNode = FALSE
	EndGlobalSection
	GlobalSection(ExtensibilityGlobals) = postSolution
		SolutionGuid = {BB18461B-5471-459B-848B-F4AAA73A09F4}
	EndGlobalSection
EndGlobal
